// !$*UTF8*$!
{
	archiveVersion = 1;
	classes = {
	};
	objectVersion = 46;
	objects = {

/* Begin PBXBuildFile section */
		922927EA1D7FB465007E38A9 /* main.m in Sources */ = {isa = PBXBuildFile; fileRef = 922927E91D7FB465007E38A9 /* main.m */; };
		922927ED1D7FB465007E38A9 /* AppDelegate.m in Sources */ = {isa = PBXBuildFile; fileRef = 922927EC1D7FB465007E38A9 /* AppDelegate.m */; };
		922927F01D7FB465007E38A9 /* ViewController.m in Sources */ = {isa = PBXBuildFile; fileRef = 922927EF1D7FB465007E38A9 /* ViewController.m */; };
		922927F31D7FB465007E38A9 /* Main.storyboard in Resources */ = {isa = PBXBuildFile; fileRef = 922927F11D7FB465007E38A9 /* Main.storyboard */; };
		922927F51D7FB465007E38A9 /* Assets.xcassets in Resources */ = {isa = PBXBuildFile; fileRef = 922927F41D7FB465007E38A9 /* Assets.xcassets */; };
		922927F81D7FB465007E38A9 /* LaunchScreen.storyboard in Resources */ = {isa = PBXBuildFile; fileRef = 922927F61D7FB465007E38A9 /* LaunchScreen.storyboard */; };
		922928031D7FB465007E38A9 /* MyExperienceTests.m in Sources */ = {isa = PBXBuildFile; fileRef = 922928021D7FB465007E38A9 /* MyExperienceTests.m */; };
		9229280E1D7FB465007E38A9 /* MyExperienceUITests.m in Sources */ = {isa = PBXBuildFile; fileRef = 9229280D1D7FB465007E38A9 /* MyExperienceUITests.m */; };
		922AB6C11DAF1D820051DF7D /* NewsTableViewCell.m in Sources */ = {isa = PBXBuildFile; fileRef = 922AB6BF1DAF1D820051DF7D /* NewsTableViewCell.m */; };
		922AB6C21DAF1D820051DF7D /* NewsTableViewCell.xib in Resources */ = {isa = PBXBuildFile; fileRef = 922AB6C01DAF1D820051DF7D /* NewsTableViewCell.xib */; };
		922AB6CB1DAF321A0051DF7D /* NewsDetailViewController.m in Sources */ = {isa = PBXBuildFile; fileRef = 922AB6C91DAF321A0051DF7D /* NewsDetailViewController.m */; };
		922AB6CC1DAF321A0051DF7D /* NewsDetailViewController.xib in Resources */ = {isa = PBXBuildFile; fileRef = 922AB6CA1DAF321A0051DF7D /* NewsDetailViewController.xib */; };
		922AB6D01DAF43FB0051DF7D /* NewsUrlDetailViewController.m in Sources */ = {isa = PBXBuildFile; fileRef = 922AB6CE1DAF43FB0051DF7D /* NewsUrlDetailViewController.m */; };
		922AB6D11DAF43FB0051DF7D /* NewsUrlDetailViewController.xib in Resources */ = {isa = PBXBuildFile; fileRef = 922AB6CF1DAF43FB0051DF7D /* NewsUrlDetailViewController.xib */; };
		922AB6D51DAF96780051DF7D /* WeatherDateView.m in Sources */ = {isa = PBXBuildFile; fileRef = 922AB6D31DAF96780051DF7D /* WeatherDateView.m */; };
		922AB6D61DAF96780051DF7D /* WeatherDateView.xib in Resources */ = {isa = PBXBuildFile; fileRef = 922AB6D41DAF96780051DF7D /* WeatherDateView.xib */; };
		922E4D201DADDC6100D6E718 /* WeatherObject.m in Sources */ = {isa = PBXBuildFile; fileRef = 922E4D1F1DADDC6100D6E718 /* WeatherObject.m */; };
		922E4D231DADDEE600D6E718 /* realTime.m in Sources */ = {isa = PBXBuildFile; fileRef = 922E4D221DADDEE600D6E718 /* realTime.m */; };
		922E4D261DADDEFE00D6E718 /* Life.m in Sources */ = {isa = PBXBuildFile; fileRef = 922E4D251DADDEFE00D6E718 /* Life.m */; };
		922E4D291DADDF1900D6E718 /* weatherFuture.m in Sources */ = {isa = PBXBuildFile; fileRef = 922E4D281DADDF1900D6E718 /* weatherFuture.m */; };
		922E4D2C1DADE09300D6E718 /* PAndM.m in Sources */ = {isa = PBXBuildFile; fileRef = 922E4D2B1DADE09300D6E718 /* PAndM.m */; };
		922E4D331DAE6A6A00D6E718 /* NewObject.m in Sources */ = {isa = PBXBuildFile; fileRef = 922E4D321DAE6A6A00D6E718 /* NewObject.m */; };
		9238D78D1D825F02001D2919 /* libsqlite3.0.tbd in Frameworks */ = {isa = PBXBuildFile; fileRef = 9238D78C1D825F02001D2919 /* libsqlite3.0.tbd */; };
		9238D7901D82777C001D2919 /* DBManager.m in Sources */ = {isa = PBXBuildFile; fileRef = 9238D78F1D82777C001D2919 /* DBManager.m */; };
		923AEE281D98F662006CC483 /* JuHeViewController.m in Sources */ = {isa = PBXBuildFile; fileRef = 923AEE261D98F662006CC483 /* JuHeViewController.m */; };
		923AEE291D98F662006CC483 /* JuHeViewController.xib in Resources */ = {isa = PBXBuildFile; fileRef = 923AEE271D98F662006CC483 /* JuHeViewController.xib */; };
		923AEE2C1D98F688006CC483 /* JuHeService.m in Sources */ = {isa = PBXBuildFile; fileRef = 923AEE2B1D98F688006CC483 /* JuHeService.m */; };
		923AEE301D98F731006CC483 /* JuHeTableViewCell.m in Sources */ = {isa = PBXBuildFile; fileRef = 923AEE2E1D98F731006CC483 /* JuHeTableViewCell.m */; };
		923AEE311D98F731006CC483 /* JuHeTableViewCell.xib in Resources */ = {isa = PBXBuildFile; fileRef = 923AEE2F1D98F731006CC483 /* JuHeTableViewCell.xib */; };
		923DB9911D868A770093EC7F /* SqliteViewController.m in Sources */ = {isa = PBXBuildFile; fileRef = 923DB98F1D868A770093EC7F /* SqliteViewController.m */; };
		923DB9921D868A770093EC7F /* SqliteViewController.xib in Resources */ = {isa = PBXBuildFile; fileRef = 923DB9901D868A770093EC7F /* SqliteViewController.xib */; };
		923DB9951D8693A40093EC7F /* LSPShop.m in Sources */ = {isa = PBXBuildFile; fileRef = 923DB9941D8693A40093EC7F /* LSPShop.m */; };
		924055CA1D91920500D77220 /* SQLManager.m in Sources */ = {isa = PBXBuildFile; fileRef = 924055C91D91920500D77220 /* SQLManager.m */; };
		924055CE1D91939B00D77220 /* TestSQLViewController.m in Sources */ = {isa = PBXBuildFile; fileRef = 924055CC1D91939B00D77220 /* TestSQLViewController.m */; };
		924055CF1D91939B00D77220 /* TestSQLViewController.xib in Resources */ = {isa = PBXBuildFile; fileRef = 924055CD1D91939B00D77220 /* TestSQLViewController.xib */; };
		92485F681D7FE0B50010B545 /* twoViewController.m in Sources */ = {isa = PBXBuildFile; fileRef = 92485F671D7FE0B50010B545 /* twoViewController.m */; };
		92485F6B1D8055970010B545 /* UIScrollView+MyExperienceRefresh.m in Sources */ = {isa = PBXBuildFile; fileRef = 92485F6A1D8055970010B545 /* UIScrollView+MyExperienceRefresh.m */; };
		925F5DB51D85386E00C0B699 /* QQViewController.m in Sources */ = {isa = PBXBuildFile; fileRef = 925F5DB41D85386E00C0B699 /* QQViewController.m */; };
		925F5DB71D8538CC00C0B699 /* QQViewController.xib in Resources */ = {isa = PBXBuildFile; fileRef = 925F5DB61D8538CC00C0B699 /* QQViewController.xib */; };
		925F5DBB1D855C7800C0B699 /* QQViewTableViewCell.m in Sources */ = {isa = PBXBuildFile; fileRef = 925F5DB91D855C7800C0B699 /* QQViewTableViewCell.m */; };
		925F5DBC1D855C7800C0B699 /* QQViewTableViewCell.xib in Resources */ = {isa = PBXBuildFile; fileRef = 925F5DBA1D855C7800C0B699 /* QQViewTableViewCell.xib */; };
		92660D801DB121010023D1E2 /* NoteObject.m in Sources */ = {isa = PBXBuildFile; fileRef = 92660D7F1DB121010023D1E2 /* NoteObject.m */; };
		92E902F91D92793E00A07AC7 /* StudentModel.m in Sources */ = {isa = PBXBuildFile; fileRef = 92E902F81D92793E00A07AC7 /* StudentModel.m */; };
		92ED1FBF1D943AA400290D11 /* ShareContent.m in Sources */ = {isa = PBXBuildFile; fileRef = 92ED1FBE1D943AA400290D11 /* ShareContent.m */; };
		92ED1FC21D943B0E00290D11 /* ShareView.m in Sources */ = {isa = PBXBuildFile; fileRef = 92ED1FC11D943B0E00290D11 /* ShareView.m */; };
		92EF62611DABE20200FDE5DE /* JokeViewController.m in Sources */ = {isa = PBXBuildFile; fileRef = 92EF625F1DABE20200FDE5DE /* JokeViewController.m */; };
		92EF62621DABE20200FDE5DE /* JokeViewController.xib in Resources */ = {isa = PBXBuildFile; fileRef = 92EF62601DABE20200FDE5DE /* JokeViewController.xib */; };
		92EF62661DABE21C00FDE5DE /* NewsViewController.m in Sources */ = {isa = PBXBuildFile; fileRef = 92EF62641DABE21C00FDE5DE /* NewsViewController.m */; };
		92EF62671DABE21C00FDE5DE /* NewsViewController.xib in Resources */ = {isa = PBXBuildFile; fileRef = 92EF62651DABE21C00FDE5DE /* NewsViewController.xib */; };
		92EF626B1DABE26100FDE5DE /* WeatherViewController.m in Sources */ = {isa = PBXBuildFile; fileRef = 92EF62691DABE26100FDE5DE /* WeatherViewController.m */; };
		92EF626C1DABE26100FDE5DE /* WeatherViewController.xib in Resources */ = {isa = PBXBuildFile; fileRef = 92EF626A1DABE26100FDE5DE /* WeatherViewController.xib */; };
		92EF62701DABE28F00FDE5DE /* NoteViewController.m in Sources */ = {isa = PBXBuildFile; fileRef = 92EF626E1DABE28F00FDE5DE /* NoteViewController.m */; };
		92EF62711DABE28F00FDE5DE /* NoteViewController.xib in Resources */ = {isa = PBXBuildFile; fileRef = 92EF626F1DABE28F00FDE5DE /* NoteViewController.xib */; };
		92F38CA81DAD203200C44549 /* JokeTableViewCell.m in Sources */ = {isa = PBXBuildFile; fileRef = 92F38CA61DAD203200C44549 /* JokeTableViewCell.m */; };
		92F38CA91DAD203200C44549 /* JokeTableViewCell.xib in Resources */ = {isa = PBXBuildFile; fileRef = 92F38CA71DAD203200C44549 /* JokeTableViewCell.xib */; };
		92F38CAD1DAD4D2700C44549 /* UIScrollView+MJRefresh.m in Sources */ = {isa = PBXBuildFile; fileRef = 92F38CAC1DAD4D2700C44549 /* UIScrollView+MJRefresh.m */; };
		9EC571120D3EB6DF31A1A54E /* libPods-MyExperience.a in Frameworks */ = {isa = PBXBuildFile; fileRef = 07974E7DFC55A4E87EBD24E0 /* libPods-MyExperience.a */; };
/* End PBXBuildFile section */

/* Begin PBXContainerItemProxy section */
		922927FF1D7FB465007E38A9 /* PBXContainerItemProxy */ = {
			isa = PBXContainerItemProxy;
			containerPortal = 922927DD1D7FB465007E38A9 /* Project object */;
			proxyType = 1;
			remoteGlobalIDString = 922927E41D7FB465007E38A9;
			remoteInfo = MyExperience;
		};
		9229280A1D7FB465007E38A9 /* PBXContainerItemProxy */ = {
			isa = PBXContainerItemProxy;
			containerPortal = 922927DD1D7FB465007E38A9 /* Project object */;
			proxyType = 1;
			remoteGlobalIDString = 922927E41D7FB465007E38A9;
			remoteInfo = MyExperience;
		};
/* End PBXContainerItemProxy section */

/* Begin PBXFileReference section */
		07974E7DFC55A4E87EBD24E0 /* libPods-MyExperience.a */ = {isa = PBXFileReference; explicitFileType = archive.ar; includeInIndex = 0; path = "libPods-MyExperience.a"; sourceTree = BUILT_PRODUCTS_DIR; };
		14BEA95645461DA10B7C3742 /* Pods-MyExperience.release.xcconfig */ = {isa = PBXFileReference; includeInIndex = 1; lastKnownFileType = text.xcconfig; name = "Pods-MyExperience.release.xcconfig"; path = "Pods/Target Support Files/Pods-MyExperience/Pods-MyExperience.release.xcconfig"; sourceTree = "<group>"; };
		694A7693437C673C5134AB39 /* Pods-MyExperience.debug.xcconfig */ = {isa = PBXFileReference; includeInIndex = 1; lastKnownFileType = text.xcconfig; name = "Pods-MyExperience.debug.xcconfig"; path = "Pods/Target Support Files/Pods-MyExperience/Pods-MyExperience.debug.xcconfig"; sourceTree = "<group>"; };
		922927E51D7FB465007E38A9 /* MyExperience.app */ = {isa = PBXFileReference; explicitFileType = wrapper.application; includeInIndex = 0; path = MyExperience.app; sourceTree = BUILT_PRODUCTS_DIR; };
		922927E91D7FB465007E38A9 /* main.m */ = {isa = PBXFileReference; lastKnownFileType = sourcecode.c.objc; path = main.m; sourceTree = "<group>"; };
		922927EB1D7FB465007E38A9 /* AppDelegate.h */ = {isa = PBXFileReference; lastKnownFileType = sourcecode.c.h; path = AppDelegate.h; sourceTree = "<group>"; };
		922927EC1D7FB465007E38A9 /* AppDelegate.m */ = {isa = PBXFileReference; lastKnownFileType = sourcecode.c.objc; path = AppDelegate.m; sourceTree = "<group>"; };
		922927EE1D7FB465007E38A9 /* ViewController.h */ = {isa = PBXFileReference; lastKnownFileType = sourcecode.c.h; path = ViewController.h; sourceTree = "<group>"; };
		922927EF1D7FB465007E38A9 /* ViewController.m */ = {isa = PBXFileReference; lastKnownFileType = sourcecode.c.objc; path = ViewController.m; sourceTree = "<group>"; };
		922927F21D7FB465007E38A9 /* Base */ = {isa = PBXFileReference; lastKnownFileType = file.storyboard; name = Base; path = Base.lproj/Main.storyboard; sourceTree = "<group>"; };
		922927F41D7FB465007E38A9 /* Assets.xcassets */ = {isa = PBXFileReference; lastKnownFileType = folder.assetcatalog; path = Assets.xcassets; sourceTree = "<group>"; };
		922927F71D7FB465007E38A9 /* Base */ = {isa = PBXFileReference; lastKnownFileType = file.storyboard; name = Base; path = Base.lproj/LaunchScreen.storyboard; sourceTree = "<group>"; };
		922927F91D7FB465007E38A9 /* Info.plist */ = {isa = PBXFileReference; lastKnownFileType = text.plist.xml; path = Info.plist; sourceTree = "<group>"; };
		922927FE1D7FB465007E38A9 /* MyExperienceTests.xctest */ = {isa = PBXFileReference; explicitFileType = wrapper.cfbundle; includeInIndex = 0; path = MyExperienceTests.xctest; sourceTree = BUILT_PRODUCTS_DIR; };
		922928021D7FB465007E38A9 /* MyExperienceTests.m */ = {isa = PBXFileReference; lastKnownFileType = sourcecode.c.objc; path = MyExperienceTests.m; sourceTree = "<group>"; };
		922928041D7FB465007E38A9 /* Info.plist */ = {isa = PBXFileReference; lastKnownFileType = text.plist.xml; path = Info.plist; sourceTree = "<group>"; };
		922928091D7FB465007E38A9 /* MyExperienceUITests.xctest */ = {isa = PBXFileReference; explicitFileType = wrapper.cfbundle; includeInIndex = 0; path = MyExperienceUITests.xctest; sourceTree = BUILT_PRODUCTS_DIR; };
		9229280D1D7FB465007E38A9 /* MyExperienceUITests.m */ = {isa = PBXFileReference; lastKnownFileType = sourcecode.c.objc; path = MyExperienceUITests.m; sourceTree = "<group>"; };
		9229280F1D7FB465007E38A9 /* Info.plist */ = {isa = PBXFileReference; lastKnownFileType = text.plist.xml; path = Info.plist; sourceTree = "<group>"; };
		922AB6BE1DAF1D820051DF7D /* NewsTableViewCell.h */ = {isa = PBXFileReference; fileEncoding = 4; lastKnownFileType = sourcecode.c.h; path = NewsTableViewCell.h; sourceTree = "<group>"; };
		922AB6BF1DAF1D820051DF7D /* NewsTableViewCell.m */ = {isa = PBXFileReference; fileEncoding = 4; lastKnownFileType = sourcecode.c.objc; path = NewsTableViewCell.m; sourceTree = "<group>"; };
		922AB6C01DAF1D820051DF7D /* NewsTableViewCell.xib */ = {isa = PBXFileReference; fileEncoding = 4; lastKnownFileType = file.xib; path = NewsTableViewCell.xib; sourceTree = "<group>"; };
		922AB6C81DAF321A0051DF7D /* NewsDetailViewController.h */ = {isa = PBXFileReference; fileEncoding = 4; lastKnownFileType = sourcecode.c.h; path = NewsDetailViewController.h; sourceTree = "<group>"; };
		922AB6C91DAF321A0051DF7D /* NewsDetailViewController.m */ = {isa = PBXFileReference; fileEncoding = 4; lastKnownFileType = sourcecode.c.objc; path = NewsDetailViewController.m; sourceTree = "<group>"; };
		922AB6CA1DAF321A0051DF7D /* NewsDetailViewController.xib */ = {isa = PBXFileReference; fileEncoding = 4; lastKnownFileType = file.xib; path = NewsDetailViewController.xib; sourceTree = "<group>"; };
		922AB6CD1DAF43FB0051DF7D /* NewsUrlDetailViewController.h */ = {isa = PBXFileReference; fileEncoding = 4; lastKnownFileType = sourcecode.c.h; path = NewsUrlDetailViewController.h; sourceTree = "<group>"; };
		922AB6CE1DAF43FB0051DF7D /* NewsUrlDetailViewController.m */ = {isa = PBXFileReference; fileEncoding = 4; lastKnownFileType = sourcecode.c.objc; path = NewsUrlDetailViewController.m; sourceTree = "<group>"; };
		922AB6CF1DAF43FB0051DF7D /* NewsUrlDetailViewController.xib */ = {isa = PBXFileReference; fileEncoding = 4; lastKnownFileType = file.xib; path = NewsUrlDetailViewController.xib; sourceTree = "<group>"; };
		922AB6D21DAF96780051DF7D /* WeatherDateView.h */ = {isa = PBXFileReference; fileEncoding = 4; lastKnownFileType = sourcecode.c.h; path = WeatherDateView.h; sourceTree = "<group>"; };
		922AB6D31DAF96780051DF7D /* WeatherDateView.m */ = {isa = PBXFileReference; fileEncoding = 4; lastKnownFileType = sourcecode.c.objc; path = WeatherDateView.m; sourceTree = "<group>"; };
		922AB6D41DAF96780051DF7D /* WeatherDateView.xib */ = {isa = PBXFileReference; fileEncoding = 4; lastKnownFileType = file.xib; path = WeatherDateView.xib; sourceTree = "<group>"; };
		922E4D1E1DADDC6100D6E718 /* WeatherObject.h */ = {isa = PBXFileReference; fileEncoding = 4; lastKnownFileType = sourcecode.c.h; path = WeatherObject.h; sourceTree = "<group>"; };
		922E4D1F1DADDC6100D6E718 /* WeatherObject.m */ = {isa = PBXFileReference; fileEncoding = 4; lastKnownFileType = sourcecode.c.objc; path = WeatherObject.m; sourceTree = "<group>"; };
		922E4D211DADDEE600D6E718 /* realTime.h */ = {isa = PBXFileReference; fileEncoding = 4; lastKnownFileType = sourcecode.c.h; path = realTime.h; sourceTree = "<group>"; };
		922E4D221DADDEE600D6E718 /* realTime.m */ = {isa = PBXFileReference; fileEncoding = 4; lastKnownFileType = sourcecode.c.objc; path = realTime.m; sourceTree = "<group>"; };
		922E4D241DADDEFE00D6E718 /* Life.h */ = {isa = PBXFileReference; fileEncoding = 4; lastKnownFileType = sourcecode.c.h; path = Life.h; sourceTree = "<group>"; };
		922E4D251DADDEFE00D6E718 /* Life.m */ = {isa = PBXFileReference; fileEncoding = 4; lastKnownFileType = sourcecode.c.objc; path = Life.m; sourceTree = "<group>"; };
		922E4D271DADDF1900D6E718 /* weatherFuture.h */ = {isa = PBXFileReference; fileEncoding = 4; lastKnownFileType = sourcecode.c.h; path = weatherFuture.h; sourceTree = "<group>"; };
		922E4D281DADDF1900D6E718 /* weatherFuture.m */ = {isa = PBXFileReference; fileEncoding = 4; lastKnownFileType = sourcecode.c.objc; path = weatherFuture.m; sourceTree = "<group>"; };
		922E4D2A1DADE09300D6E718 /* PAndM.h */ = {isa = PBXFileReference; fileEncoding = 4; lastKnownFileType = sourcecode.c.h; path = PAndM.h; sourceTree = "<group>"; };
		922E4D2B1DADE09300D6E718 /* PAndM.m */ = {isa = PBXFileReference; fileEncoding = 4; lastKnownFileType = sourcecode.c.objc; path = PAndM.m; sourceTree = "<group>"; };
		922E4D311DAE6A6A00D6E718 /* NewObject.h */ = {isa = PBXFileReference; fileEncoding = 4; lastKnownFileType = sourcecode.c.h; path = NewObject.h; sourceTree = "<group>"; };
		922E4D321DAE6A6A00D6E718 /* NewObject.m */ = {isa = PBXFileReference; fileEncoding = 4; lastKnownFileType = sourcecode.c.objc; path = NewObject.m; sourceTree = "<group>"; };
		9238D78C1D825F02001D2919 /* libsqlite3.0.tbd */ = {isa = PBXFileReference; lastKnownFileType = "sourcecode.text-based-dylib-definition"; name = libsqlite3.0.tbd; path = usr/lib/libsqlite3.0.tbd; sourceTree = SDKROOT; };
		9238D78E1D82777C001D2919 /* DBManager.h */ = {isa = PBXFileReference; fileEncoding = 4; lastKnownFileType = sourcecode.c.h; path = DBManager.h; sourceTree = "<group>"; };
		9238D78F1D82777C001D2919 /* DBManager.m */ = {isa = PBXFileReference; fileEncoding = 4; lastKnownFileType = sourcecode.c.objc; path = DBManager.m; sourceTree = "<group>"; };
		923AEE251D98F662006CC483 /* JuHeViewController.h */ = {isa = PBXFileReference; fileEncoding = 4; lastKnownFileType = sourcecode.c.h; path = JuHeViewController.h; sourceTree = "<group>"; };
		923AEE261D98F662006CC483 /* JuHeViewController.m */ = {isa = PBXFileReference; fileEncoding = 4; lastKnownFileType = sourcecode.c.objc; path = JuHeViewController.m; sourceTree = "<group>"; };
		923AEE271D98F662006CC483 /* JuHeViewController.xib */ = {isa = PBXFileReference; fileEncoding = 4; lastKnownFileType = file.xib; path = JuHeViewController.xib; sourceTree = "<group>"; };
		923AEE2A1D98F688006CC483 /* JuHeService.h */ = {isa = PBXFileReference; fileEncoding = 4; lastKnownFileType = sourcecode.c.h; path = JuHeService.h; sourceTree = "<group>"; };
		923AEE2B1D98F688006CC483 /* JuHeService.m */ = {isa = PBXFileReference; fileEncoding = 4; lastKnownFileType = sourcecode.c.objc; path = JuHeService.m; sourceTree = "<group>"; };
		923AEE2D1D98F731006CC483 /* JuHeTableViewCell.h */ = {isa = PBXFileReference; fileEncoding = 4; lastKnownFileType = sourcecode.c.h; path = JuHeTableViewCell.h; sourceTree = "<group>"; };
		923AEE2E1D98F731006CC483 /* JuHeTableViewCell.m */ = {isa = PBXFileReference; fileEncoding = 4; lastKnownFileType = sourcecode.c.objc; path = JuHeTableViewCell.m; sourceTree = "<group>"; };
		923AEE2F1D98F731006CC483 /* JuHeTableViewCell.xib */ = {isa = PBXFileReference; fileEncoding = 4; lastKnownFileType = file.xib; path = JuHeTableViewCell.xib; sourceTree = "<group>"; };
		923DB98E1D868A770093EC7F /* SqliteViewController.h */ = {isa = PBXFileReference; fileEncoding = 4; lastKnownFileType = sourcecode.c.h; path = SqliteViewController.h; sourceTree = "<group>"; };
		923DB98F1D868A770093EC7F /* SqliteViewController.m */ = {isa = PBXFileReference; fileEncoding = 4; lastKnownFileType = sourcecode.c.objc; path = SqliteViewController.m; sourceTree = "<group>"; };
		923DB9901D868A770093EC7F /* SqliteViewController.xib */ = {isa = PBXFileReference; fileEncoding = 4; lastKnownFileType = file.xib; path = SqliteViewController.xib; sourceTree = "<group>"; };
		923DB9931D8693A40093EC7F /* LSPShop.h */ = {isa = PBXFileReference; fileEncoding = 4; lastKnownFileType = sourcecode.c.h; path = LSPShop.h; sourceTree = "<group>"; };
		923DB9941D8693A40093EC7F /* LSPShop.m */ = {isa = PBXFileReference; fileEncoding = 4; lastKnownFileType = sourcecode.c.objc; path = LSPShop.m; sourceTree = "<group>"; };
		924055C81D91920500D77220 /* SQLManager.h */ = {isa = PBXFileReference; fileEncoding = 4; lastKnownFileType = sourcecode.c.h; path = SQLManager.h; sourceTree = "<group>"; };
		924055C91D91920500D77220 /* SQLManager.m */ = {isa = PBXFileReference; fileEncoding = 4; lastKnownFileType = sourcecode.c.objc; path = SQLManager.m; sourceTree = "<group>"; };
		924055CB1D91939B00D77220 /* TestSQLViewController.h */ = {isa = PBXFileReference; fileEncoding = 4; lastKnownFileType = sourcecode.c.h; path = TestSQLViewController.h; sourceTree = "<group>"; };
		924055CC1D91939B00D77220 /* TestSQLViewController.m */ = {isa = PBXFileReference; fileEncoding = 4; lastKnownFileType = sourcecode.c.objc; path = TestSQLViewController.m; sourceTree = "<group>"; };
		924055CD1D91939B00D77220 /* TestSQLViewController.xib */ = {isa = PBXFileReference; fileEncoding = 4; lastKnownFileType = file.xib; path = TestSQLViewController.xib; sourceTree = "<group>"; };
		92416B951DB4711D000AEBFE /* FailMark.h */ = {isa = PBXFileReference; lastKnownFileType = sourcecode.c.h; path = FailMark.h; sourceTree = "<group>"; };
		92485F661D7FE0B50010B545 /* twoViewController.h */ = {isa = PBXFileReference; fileEncoding = 4; lastKnownFileType = sourcecode.c.h; path = twoViewController.h; sourceTree = "<group>"; };
		92485F671D7FE0B50010B545 /* twoViewController.m */ = {isa = PBXFileReference; fileEncoding = 4; lastKnownFileType = sourcecode.c.objc; path = twoViewController.m; sourceTree = "<group>"; };
		92485F691D8055970010B545 /* UIScrollView+MyExperienceRefresh.h */ = {isa = PBXFileReference; fileEncoding = 4; lastKnownFileType = sourcecode.c.h; path = "UIScrollView+MyExperienceRefresh.h"; sourceTree = "<group>"; };
		92485F6A1D8055970010B545 /* UIScrollView+MyExperienceRefresh.m */ = {isa = PBXFileReference; fileEncoding = 4; lastKnownFileType = sourcecode.c.objc; path = "UIScrollView+MyExperienceRefresh.m"; sourceTree = "<group>"; };
		925F5DB31D85386E00C0B699 /* QQViewController.h */ = {isa = PBXFileReference; fileEncoding = 4; lastKnownFileType = sourcecode.c.h; path = QQViewController.h; sourceTree = "<group>"; };
		925F5DB41D85386E00C0B699 /* QQViewController.m */ = {isa = PBXFileReference; fileEncoding = 4; lastKnownFileType = sourcecode.c.objc; path = QQViewController.m; sourceTree = "<group>"; };
		925F5DB61D8538CC00C0B699 /* QQViewController.xib */ = {isa = PBXFileReference; fileEncoding = 4; lastKnownFileType = file.xib; path = QQViewController.xib; sourceTree = "<group>"; };
		925F5DB81D855C7800C0B699 /* QQViewTableViewCell.h */ = {isa = PBXFileReference; fileEncoding = 4; lastKnownFileType = sourcecode.c.h; path = QQViewTableViewCell.h; sourceTree = "<group>"; };
		925F5DB91D855C7800C0B699 /* QQViewTableViewCell.m */ = {isa = PBXFileReference; fileEncoding = 4; lastKnownFileType = sourcecode.c.objc; path = QQViewTableViewCell.m; sourceTree = "<group>"; };
		925F5DBA1D855C7800C0B699 /* QQViewTableViewCell.xib */ = {isa = PBXFileReference; fileEncoding = 4; lastKnownFileType = file.xib; path = QQViewTableViewCell.xib; sourceTree = "<group>"; };
		92660D7E1DB121010023D1E2 /* NoteObject.h */ = {isa = PBXFileReference; fileEncoding = 4; lastKnownFileType = sourcecode.c.h; path = NoteObject.h; sourceTree = "<group>"; };
		92660D7F1DB121010023D1E2 /* NoteObject.m */ = {isa = PBXFileReference; fileEncoding = 4; lastKnownFileType = sourcecode.c.objc; path = NoteObject.m; sourceTree = "<group>"; };
		92E902F71D92793E00A07AC7 /* StudentModel.h */ = {isa = PBXFileReference; fileEncoding = 4; lastKnownFileType = sourcecode.c.h; path = StudentModel.h; sourceTree = "<group>"; };
		92E902F81D92793E00A07AC7 /* StudentModel.m */ = {isa = PBXFileReference; fileEncoding = 4; lastKnownFileType = sourcecode.c.objc; path = StudentModel.m; sourceTree = "<group>"; };
		92ED1FBD1D943AA400290D11 /* ShareContent.h */ = {isa = PBXFileReference; fileEncoding = 4; lastKnownFileType = sourcecode.c.h; path = ShareContent.h; sourceTree = "<group>"; };
		92ED1FBE1D943AA400290D11 /* ShareContent.m */ = {isa = PBXFileReference; fileEncoding = 4; lastKnownFileType = sourcecode.c.objc; path = ShareContent.m; sourceTree = "<group>"; };
		92ED1FC01D943B0E00290D11 /* ShareView.h */ = {isa = PBXFileReference; fileEncoding = 4; lastKnownFileType = sourcecode.c.h; path = ShareView.h; sourceTree = "<group>"; };
		92ED1FC11D943B0E00290D11 /* ShareView.m */ = {isa = PBXFileReference; fileEncoding = 4; lastKnownFileType = sourcecode.c.objc; path = ShareView.m; sourceTree = "<group>"; };
		92EF625E1DABE20200FDE5DE /* JokeViewController.h */ = {isa = PBXFileReference; fileEncoding = 4; lastKnownFileType = sourcecode.c.h; path = JokeViewController.h; sourceTree = "<group>"; };
		92EF625F1DABE20200FDE5DE /* JokeViewController.m */ = {isa = PBXFileReference; fileEncoding = 4; lastKnownFileType = sourcecode.c.objc; path = JokeViewController.m; sourceTree = "<group>"; };
		92EF62601DABE20200FDE5DE /* JokeViewController.xib */ = {isa = PBXFileReference; fileEncoding = 4; lastKnownFileType = file.xib; path = JokeViewController.xib; sourceTree = "<group>"; };
		92EF62631DABE21C00FDE5DE /* NewsViewController.h */ = {isa = PBXFileReference; fileEncoding = 4; lastKnownFileType = sourcecode.c.h; path = NewsViewController.h; sourceTree = "<group>"; };
		92EF62641DABE21C00FDE5DE /* NewsViewController.m */ = {isa = PBXFileReference; fileEncoding = 4; lastKnownFileType = sourcecode.c.objc; path = NewsViewController.m; sourceTree = "<group>"; };
		92EF62651DABE21C00FDE5DE /* NewsViewController.xib */ = {isa = PBXFileReference; fileEncoding = 4; lastKnownFileType = file.xib; path = NewsViewController.xib; sourceTree = "<group>"; };
		92EF62681DABE26100FDE5DE /* WeatherViewController.h */ = {isa = PBXFileReference; fileEncoding = 4; lastKnownFileType = sourcecode.c.h; path = WeatherViewController.h; sourceTree = "<group>"; };
		92EF62691DABE26100FDE5DE /* WeatherViewController.m */ = {isa = PBXFileReference; fileEncoding = 4; lastKnownFileType = sourcecode.c.objc; path = WeatherViewController.m; sourceTree = "<group>"; };
		92EF626A1DABE26100FDE5DE /* WeatherViewController.xib */ = {isa = PBXFileReference; fileEncoding = 4; lastKnownFileType = file.xib; path = WeatherViewController.xib; sourceTree = "<group>"; };
		92EF626D1DABE28F00FDE5DE /* NoteViewController.h */ = {isa = PBXFileReference; fileEncoding = 4; lastKnownFileType = sourcecode.c.h; path = NoteViewController.h; sourceTree = "<group>"; };
		92EF626E1DABE28F00FDE5DE /* NoteViewController.m */ = {isa = PBXFileReference; fileEncoding = 4; lastKnownFileType = sourcecode.c.objc; path = NoteViewController.m; sourceTree = "<group>"; };
		92EF626F1DABE28F00FDE5DE /* NoteViewController.xib */ = {isa = PBXFileReference; fileEncoding = 4; lastKnownFileType = file.xib; path = NoteViewController.xib; sourceTree = "<group>"; };
		92F38CA51DAD203200C44549 /* JokeTableViewCell.h */ = {isa = PBXFileReference; fileEncoding = 4; lastKnownFileType = sourcecode.c.h; path = JokeTableViewCell.h; sourceTree = "<group>"; };
		92F38CA61DAD203200C44549 /* JokeTableViewCell.m */ = {isa = PBXFileReference; fileEncoding = 4; lastKnownFileType = sourcecode.c.objc; path = JokeTableViewCell.m; sourceTree = "<group>"; };
		92F38CA71DAD203200C44549 /* JokeTableViewCell.xib */ = {isa = PBXFileReference; fileEncoding = 4; lastKnownFileType = file.xib; path = JokeTableViewCell.xib; sourceTree = "<group>"; };
		92F38CAB1DAD4D2700C44549 /* UIScrollView+MJRefresh.h */ = {isa = PBXFileReference; fileEncoding = 4; lastKnownFileType = sourcecode.c.h; path = "UIScrollView+MJRefresh.h"; sourceTree = "<group>"; };
		92F38CAC1DAD4D2700C44549 /* UIScrollView+MJRefresh.m */ = {isa = PBXFileReference; fileEncoding = 4; lastKnownFileType = sourcecode.c.objc; path = "UIScrollView+MJRefresh.m"; sourceTree = "<group>"; };
/* End PBXFileReference section */

/* Begin PBXFrameworksBuildPhase section */
		922927E21D7FB465007E38A9 /* Frameworks */ = {
			isa = PBXFrameworksBuildPhase;
			buildActionMask = 2147483647;
			files = (
				9238D78D1D825F02001D2919 /* libsqlite3.0.tbd in Frameworks */,
				9EC571120D3EB6DF31A1A54E /* libPods-MyExperience.a in Frameworks */,
			);
			runOnlyForDeploymentPostprocessing = 0;
		};
		922927FB1D7FB465007E38A9 /* Frameworks */ = {
			isa = PBXFrameworksBuildPhase;
			buildActionMask = 2147483647;
			files = (
			);
			runOnlyForDeploymentPostprocessing = 0;
		};
		922928061D7FB465007E38A9 /* Frameworks */ = {
			isa = PBXFrameworksBuildPhase;
			buildActionMask = 2147483647;
			files = (
			);
			runOnlyForDeploymentPostprocessing = 0;
		};
/* End PBXFrameworksBuildPhase section */

/* Begin PBXGroup section */
		6519211FC2E9BC9CEABCCCAA /* Pods */ = {
			isa = PBXGroup;
			children = (
				694A7693437C673C5134AB39 /* Pods-MyExperience.debug.xcconfig */,
				14BEA95645461DA10B7C3742 /* Pods-MyExperience.release.xcconfig */,
			);
			name = Pods;
			sourceTree = "<group>";
		};
		7539C0C37E6437E00BDFA5BA /* Frameworks */ = {
			isa = PBXGroup;
			children = (
				9238D78C1D825F02001D2919 /* libsqlite3.0.tbd */,
				07974E7DFC55A4E87EBD24E0 /* libPods-MyExperience.a */,
			);
			name = Frameworks;
			sourceTree = "<group>";
		};
		922927DC1D7FB465007E38A9 = {
			isa = PBXGroup;
			children = (
				922927E71D7FB465007E38A9 /* MyExperience */,
				922928011D7FB465007E38A9 /* MyExperienceTests */,
				9229280C1D7FB465007E38A9 /* MyExperienceUITests */,
				922927E61D7FB465007E38A9 /* Products */,
				6519211FC2E9BC9CEABCCCAA /* Pods */,
				7539C0C37E6437E00BDFA5BA /* Frameworks */,
			);
			sourceTree = "<group>";
		};
		922927E61D7FB465007E38A9 /* Products */ = {
			isa = PBXGroup;
			children = (
				922927E51D7FB465007E38A9 /* MyExperience.app */,
				922927FE1D7FB465007E38A9 /* MyExperienceTests.xctest */,
				922928091D7FB465007E38A9 /* MyExperienceUITests.xctest */,
			);
			name = Products;
			sourceTree = "<group>";
		};
		922927E71D7FB465007E38A9 /* MyExperience */ = {
			isa = PBXGroup;
			children = (
				92416B951DB4711D000AEBFE /* FailMark.h */,
				92F38CAA1DAD4CC500C44549 /* MJRefresh */,
				92EF625D1DABE16500FDE5DE /* MainController */,
				923AEE241D98F60A006CC483 /* GetNetworkData */,
				92ED1FB91D9438DA00290D11 /* WeiXingShare */,
				924055C71D9191B400D77220 /* SqliteVideo */,
				923DB98D1D868A350093EC7F /* Sqlite3 */,
				922927EB1D7FB465007E38A9 /* AppDelegate.h */,
				922927EC1D7FB465007E38A9 /* AppDelegate.m */,
				922927EE1D7FB465007E38A9 /* ViewController.h */,
				922927EF1D7FB465007E38A9 /* ViewController.m */,
				922927F11D7FB465007E38A9 /* Main.storyboard */,
				9238D78E1D82777C001D2919 /* DBManager.h */,
				9238D78F1D82777C001D2919 /* DBManager.m */,
				92485F661D7FE0B50010B545 /* twoViewController.h */,
				92485F671D7FE0B50010B545 /* twoViewController.m */,
				92485F691D8055970010B545 /* UIScrollView+MyExperienceRefresh.h */,
				92485F6A1D8055970010B545 /* UIScrollView+MyExperienceRefresh.m */,
				92F1DB2B1D853660008B42E8 /* SimilarQQ */,
				922927F41D7FB465007E38A9 /* Assets.xcassets */,
				922927F61D7FB465007E38A9 /* LaunchScreen.storyboard */,
				922927F91D7FB465007E38A9 /* Info.plist */,
				922927E81D7FB465007E38A9 /* Supporting Files */,
			);
			path = MyExperience;
			sourceTree = "<group>";
		};
		922927E81D7FB465007E38A9 /* Supporting Files */ = {
			isa = PBXGroup;
			children = (
				922927E91D7FB465007E38A9 /* main.m */,
			);
			name = "Supporting Files";
			sourceTree = "<group>";
		};
		922928011D7FB465007E38A9 /* MyExperienceTests */ = {
			isa = PBXGroup;
			children = (
				922928021D7FB465007E38A9 /* MyExperienceTests.m */,
				922928041D7FB465007E38A9 /* Info.plist */,
			);
			path = MyExperienceTests;
			sourceTree = "<group>";
		};
		9229280C1D7FB465007E38A9 /* MyExperienceUITests */ = {
			isa = PBXGroup;
			children = (
				9229280D1D7FB465007E38A9 /* MyExperienceUITests.m */,
				9229280F1D7FB465007E38A9 /* Info.plist */,
			);
			path = MyExperienceUITests;
			sourceTree = "<group>";
		};
		922E4D1D1DADDA8400D6E718 /* WeatherNSObject */ = {
			isa = PBXGroup;
			children = (
				922E4D1E1DADDC6100D6E718 /* WeatherObject.h */,
				922E4D1F1DADDC6100D6E718 /* WeatherObject.m */,
				922E4D211DADDEE600D6E718 /* realTime.h */,
				922E4D221DADDEE600D6E718 /* realTime.m */,
				922E4D241DADDEFE00D6E718 /* Life.h */,
				922E4D251DADDEFE00D6E718 /* Life.m */,
				922E4D271DADDF1900D6E718 /* weatherFuture.h */,
				922E4D281DADDF1900D6E718 /* weatherFuture.m */,
				922E4D2A1DADE09300D6E718 /* PAndM.h */,
				922E4D2B1DADE09300D6E718 /* PAndM.m */,
			);
			name = WeatherNSObject;
			sourceTree = "<group>";
		};
		922E4D301DAE6A4F00D6E718 /* New Group */ = {
			isa = PBXGroup;
			children = (
				922E4D311DAE6A6A00D6E718 /* NewObject.h */,
				922E4D321DAE6A6A00D6E718 /* NewObject.m */,
			);
			name = "New Group";
			sourceTree = "<group>";
		};
		923AEE241D98F60A006CC483 /* GetNetworkData */ = {
			isa = PBXGroup;
			children = (
				923AEE251D98F662006CC483 /* JuHeViewController.h */,
				923AEE261D98F662006CC483 /* JuHeViewController.m */,
				923AEE271D98F662006CC483 /* JuHeViewController.xib */,
				923AEE2A1D98F688006CC483 /* JuHeService.h */,
				923AEE2B1D98F688006CC483 /* JuHeService.m */,
				923AEE2D1D98F731006CC483 /* JuHeTableViewCell.h */,
				923AEE2E1D98F731006CC483 /* JuHeTableViewCell.m */,
				923AEE2F1D98F731006CC483 /* JuHeTableViewCell.xib */,
			);
			name = GetNetworkData;
			sourceTree = "<group>";
		};
		923DB98D1D868A350093EC7F /* Sqlite3 */ = {
			isa = PBXGroup;
			children = (
				923DB98E1D868A770093EC7F /* SqliteViewController.h */,
				923DB98F1D868A770093EC7F /* SqliteViewController.m */,
				923DB9901D868A770093EC7F /* SqliteViewController.xib */,
				924055C81D91920500D77220 /* SQLManager.h */,
				924055C91D91920500D77220 /* SQLManager.m */,
				92E902F71D92793E00A07AC7 /* StudentModel.h */,
				92E902F81D92793E00A07AC7 /* StudentModel.m */,
				923DB9931D8693A40093EC7F /* LSPShop.h */,
				923DB9941D8693A40093EC7F /* LSPShop.m */,
			);
			name = Sqlite3;
			sourceTree = "<group>";
		};
		924055C71D9191B400D77220 /* SqliteVideo */ = {
			isa = PBXGroup;
			children = (
				924055CB1D91939B00D77220 /* TestSQLViewController.h */,
				924055CC1D91939B00D77220 /* TestSQLViewController.m */,
				924055CD1D91939B00D77220 /* TestSQLViewController.xib */,
			);
			name = SqliteVideo;
			sourceTree = "<group>";
		};
		92ED1FB91D9438DA00290D11 /* WeiXingShare */ = {
			isa = PBXGroup;
			children = (
				92ED1FBD1D943AA400290D11 /* ShareContent.h */,
				92ED1FBE1D943AA400290D11 /* ShareContent.m */,
				92ED1FC01D943B0E00290D11 /* ShareView.h */,
				92ED1FC11D943B0E00290D11 /* ShareView.m */,
			);
			name = WeiXingShare;
			sourceTree = "<group>";
		};
		92EF625D1DABE16500FDE5DE /* MainController */ = {
			isa = PBXGroup;
			children = (
				92EF625E1DABE20200FDE5DE /* JokeViewController.h */,
				92EF625F1DABE20200FDE5DE /* JokeViewController.m */,
				92EF62601DABE20200FDE5DE /* JokeViewController.xib */,
				92F38CA51DAD203200C44549 /* JokeTableViewCell.h */,
				92F38CA61DAD203200C44549 /* JokeTableViewCell.m */,
				92F38CA71DAD203200C44549 /* JokeTableViewCell.xib */,
				92EF62631DABE21C00FDE5DE /* NewsViewController.h */,
				92EF62641DABE21C00FDE5DE /* NewsViewController.m */,
				92EF62651DABE21C00FDE5DE /* NewsViewController.xib */,
				922AB6BE1DAF1D820051DF7D /* NewsTableViewCell.h */,
				922AB6BF1DAF1D820051DF7D /* NewsTableViewCell.m */,
				922AB6C01DAF1D820051DF7D /* NewsTableViewCell.xib */,
				922AB6C81DAF321A0051DF7D /* NewsDetailViewController.h */,
				922AB6C91DAF321A0051DF7D /* NewsDetailViewController.m */,
				922AB6CA1DAF321A0051DF7D /* NewsDetailViewController.xib */,
				922AB6CD1DAF43FB0051DF7D /* NewsUrlDetailViewController.h */,
				922AB6CE1DAF43FB0051DF7D /* NewsUrlDetailViewController.m */,
				922AB6CF1DAF43FB0051DF7D /* NewsUrlDetailViewController.xib */,
				92EF62681DABE26100FDE5DE /* WeatherViewController.h */,
				92EF62691DABE26100FDE5DE /* WeatherViewController.m */,
				92EF626A1DABE26100FDE5DE /* WeatherViewController.xib */,
				922AB6D21DAF96780051DF7D /* WeatherDateView.h */,
				922AB6D31DAF96780051DF7D /* WeatherDateView.m */,
				922AB6D41DAF96780051DF7D /* WeatherDateView.xib */,
				92EF626D1DABE28F00FDE5DE /* NoteViewController.h */,
				92EF626E1DABE28F00FDE5DE /* NoteViewController.m */,
				92EF626F1DABE28F00FDE5DE /* NoteViewController.xib */,
				92660D7E1DB121010023D1E2 /* NoteObject.h */,
				92660D7F1DB121010023D1E2 /* NoteObject.m */,
				922E4D1D1DADDA8400D6E718 /* WeatherNSObject */,
				922E4D301DAE6A4F00D6E718 /* New Group */,
			);
			name = MainController;
			sourceTree = "<group>";
		};
		92F1DB2B1D853660008B42E8 /* SimilarQQ */ = {
			isa = PBXGroup;
			children = (
				925F5DB31D85386E00C0B699 /* QQViewController.h */,
				925F5DB41D85386E00C0B699 /* QQViewController.m */,
				925F5DB61D8538CC00C0B699 /* QQViewController.xib */,
				925F5DB81D855C7800C0B699 /* QQViewTableViewCell.h */,
				925F5DB91D855C7800C0B699 /* QQViewTableViewCell.m */,
				925F5DBA1D855C7800C0B699 /* QQViewTableViewCell.xib */,
			);
			name = SimilarQQ;
			sourceTree = "<group>";
		};
		92F38CAA1DAD4CC500C44549 /* MJRefresh */ = {
			isa = PBXGroup;
			children = (
				92F38CAB1DAD4D2700C44549 /* UIScrollView+MJRefresh.h */,
				92F38CAC1DAD4D2700C44549 /* UIScrollView+MJRefresh.m */,
			);
			name = MJRefresh;
			sourceTree = "<group>";
		};
/* End PBXGroup section */

/* Begin PBXNativeTarget section */
		922927E41D7FB465007E38A9 /* MyExperience */ = {
			isa = PBXNativeTarget;
			buildConfigurationList = 922928121D7FB465007E38A9 /* Build configuration list for PBXNativeTarget "MyExperience" */;
			buildPhases = (
				84DCC17E907E6B51E84EE427 /* [CP] Check Pods Manifest.lock */,
				922927E11D7FB465007E38A9 /* Sources */,
				922927E21D7FB465007E38A9 /* Frameworks */,
				922927E31D7FB465007E38A9 /* Resources */,
				B50D8B214663FC9A7B738428 /* [CP] Embed Pods Frameworks */,
				C94EAD832D7FCFC4A7C043F3 /* [CP] Copy Pods Resources */,
			);
			buildRules = (
			);
			dependencies = (
			);
			name = MyExperience;
			productName = MyExperience;
			productReference = 922927E51D7FB465007E38A9 /* MyExperience.app */;
			productType = "com.apple.product-type.application";
		};
		922927FD1D7FB465007E38A9 /* MyExperienceTests */ = {
			isa = PBXNativeTarget;
			buildConfigurationList = 922928151D7FB465007E38A9 /* Build configuration list for PBXNativeTarget "MyExperienceTests" */;
			buildPhases = (
				922927FA1D7FB465007E38A9 /* Sources */,
				922927FB1D7FB465007E38A9 /* Frameworks */,
				922927FC1D7FB465007E38A9 /* Resources */,
			);
			buildRules = (
			);
			dependencies = (
				922928001D7FB465007E38A9 /* PBXTargetDependency */,
			);
			name = MyExperienceTests;
			productName = MyExperienceTests;
			productReference = 922927FE1D7FB465007E38A9 /* MyExperienceTests.xctest */;
			productType = "com.apple.product-type.bundle.unit-test";
		};
		922928081D7FB465007E38A9 /* MyExperienceUITests */ = {
			isa = PBXNativeTarget;
			buildConfigurationList = 922928181D7FB465007E38A9 /* Build configuration list for PBXNativeTarget "MyExperienceUITests" */;
			buildPhases = (
				922928051D7FB465007E38A9 /* Sources */,
				922928061D7FB465007E38A9 /* Frameworks */,
				922928071D7FB465007E38A9 /* Resources */,
			);
			buildRules = (
			);
			dependencies = (
				9229280B1D7FB465007E38A9 /* PBXTargetDependency */,
			);
			name = MyExperienceUITests;
			productName = MyExperienceUITests;
			productReference = 922928091D7FB465007E38A9 /* MyExperienceUITests.xctest */;
			productType = "com.apple.product-type.bundle.ui-testing";
		};
/* End PBXNativeTarget section */

/* Begin PBXProject section */
		922927DD1D7FB465007E38A9 /* Project object */ = {
			isa = PBXProject;
			attributes = {
				LastUpgradeCheck = 0730;
				ORGANIZATIONNAME = qiuhaodong_macmini;
				TargetAttributes = {
					922927E41D7FB465007E38A9 = {
						CreatedOnToolsVersion = 7.3.1;
						DevelopmentTeam = 45L2BJS8P9;
					};
					922927FD1D7FB465007E38A9 = {
						CreatedOnToolsVersion = 7.3.1;
						DevelopmentTeam = 45L2BJS8P9;
						TestTargetID = 922927E41D7FB465007E38A9;
					};
					922928081D7FB465007E38A9 = {
						CreatedOnToolsVersion = 7.3.1;
						DevelopmentTeam = 45L2BJS8P9;
						TestTargetID = 922927E41D7FB465007E38A9;
					};
				};
			};
			buildConfigurationList = 922927E01D7FB465007E38A9 /* Build configuration list for PBXProject "MyExperience" */;
			compatibilityVersion = "Xcode 3.2";
			developmentRegion = English;
			hasScannedForEncodings = 0;
			knownRegions = (
				en,
				Base,
			);
			mainGroup = 922927DC1D7FB465007E38A9;
			productRefGroup = 922927E61D7FB465007E38A9 /* Products */;
			projectDirPath = "";
			projectRoot = "";
			targets = (
				922927E41D7FB465007E38A9 /* MyExperience */,
				922927FD1D7FB465007E38A9 /* MyExperienceTests */,
				922928081D7FB465007E38A9 /* MyExperienceUITests */,
			);
		};
/* End PBXProject section */

/* Begin PBXResourcesBuildPhase section */
		922927E31D7FB465007E38A9 /* Resources */ = {
			isa = PBXResourcesBuildPhase;
			buildActionMask = 2147483647;
			files = (
				92F38CA91DAD203200C44549 /* JokeTableViewCell.xib in Resources */,
				922AB6CC1DAF321A0051DF7D /* NewsDetailViewController.xib in Resources */,
				922927F81D7FB465007E38A9 /* LaunchScreen.storyboard in Resources */,
				92EF626C1DABE26100FDE5DE /* WeatherViewController.xib in Resources */,
				922927F51D7FB465007E38A9 /* Assets.xcassets in Resources */,
				922AB6C21DAF1D820051DF7D /* NewsTableViewCell.xib in Resources */,
				92EF62671DABE21C00FDE5DE /* NewsViewController.xib in Resources */,
				923AEE291D98F662006CC483 /* JuHeViewController.xib in Resources */,
				92EF62621DABE20200FDE5DE /* JokeViewController.xib in Resources */,
				922AB6D61DAF96780051DF7D /* WeatherDateView.xib in Resources */,
				92EF62711DABE28F00FDE5DE /* NoteViewController.xib in Resources */,
				923DB9921D868A770093EC7F /* SqliteViewController.xib in Resources */,
				925F5DBC1D855C7800C0B699 /* QQViewTableViewCell.xib in Resources */,
				924055CF1D91939B00D77220 /* TestSQLViewController.xib in Resources */,
				925F5DB71D8538CC00C0B699 /* QQViewController.xib in Resources */,
				923AEE311D98F731006CC483 /* JuHeTableViewCell.xib in Resources */,
				922AB6D11DAF43FB0051DF7D /* NewsUrlDetailViewController.xib in Resources */,
				922927F31D7FB465007E38A9 /* Main.storyboard in Resources */,
			);
			runOnlyForDeploymentPostprocessing = 0;
		};
		922927FC1D7FB465007E38A9 /* Resources */ = {
			isa = PBXResourcesBuildPhase;
			buildActionMask = 2147483647;
			files = (
			);
			runOnlyForDeploymentPostprocessing = 0;
		};
		922928071D7FB465007E38A9 /* Resources */ = {
			isa = PBXResourcesBuildPhase;
			buildActionMask = 2147483647;
			files = (
			);
			runOnlyForDeploymentPostprocessing = 0;
		};
/* End PBXResourcesBuildPhase section */

/* Begin PBXShellScriptBuildPhase section */
		84DCC17E907E6B51E84EE427 /* [CP] Check Pods Manifest.lock */ = {
			isa = PBXShellScriptBuildPhase;
			buildActionMask = 2147483647;
			files = (
			);
			inputPaths = (
			);
			name = "[CP] Check Pods Manifest.lock";
			outputPaths = (
			);
			runOnlyForDeploymentPostprocessing = 0;
			shellPath = /bin/sh;
			shellScript = "diff \"${PODS_ROOT}/../Podfile.lock\" \"${PODS_ROOT}/Manifest.lock\" > /dev/null\nif [[ $? != 0 ]] ; then\n    cat << EOM\nerror: The sandbox is not in sync with the Podfile.lock. Run 'pod install' or update your CocoaPods installation.\nEOM\n    exit 1\nfi\n";
			showEnvVarsInLog = 0;
		};
		B50D8B214663FC9A7B738428 /* [CP] Embed Pods Frameworks */ = {
			isa = PBXShellScriptBuildPhase;
			buildActionMask = 2147483647;
			files = (
			);
			inputPaths = (
			);
			name = "[CP] Embed Pods Frameworks";
			outputPaths = (
			);
			runOnlyForDeploymentPostprocessing = 0;
			shellPath = /bin/sh;
			shellScript = "\"${SRCROOT}/Pods/Target Support Files/Pods-MyExperience/Pods-MyExperience-frameworks.sh\"\n";
			showEnvVarsInLog = 0;
		};
		C94EAD832D7FCFC4A7C043F3 /* [CP] Copy Pods Resources */ = {
			isa = PBXShellScriptBuildPhase;
			buildActionMask = 2147483647;
			files = (
			);
			inputPaths = (
			);
			name = "[CP] Copy Pods Resources";
			outputPaths = (
			);
			runOnlyForDeploymentPostprocessing = 0;
			shellPath = /bin/sh;
			shellScript = "\"${SRCROOT}/Pods/Target Support Files/Pods-MyExperience/Pods-MyExperience-resources.sh\"\n";
			showEnvVarsInLog = 0;
		};
/* End PBXShellScriptBuildPhase section */

/* Begin PBXSourcesBuildPhase section */
		922927E11D7FB465007E38A9 /* Sources */ = {
			isa = PBXSourcesBuildPhase;
			buildActionMask = 2147483647;
			files = (
				925F5DBB1D855C7800C0B699 /* QQViewTableViewCell.m in Sources */,
				922AB6CB1DAF321A0051DF7D /* NewsDetailViewController.m in Sources */,
				924055CE1D91939B00D77220 /* TestSQLViewController.m in Sources */,
				9238D7901D82777C001D2919 /* DBManager.m in Sources */,
				92F38CA81DAD203200C44549 /* JokeTableViewCell.m in Sources */,
				92E902F91D92793E00A07AC7 /* StudentModel.m in Sources */,
				922927F01D7FB465007E38A9 /* ViewController.m in Sources */,
				92485F6B1D8055970010B545 /* UIScrollView+MyExperienceRefresh.m in Sources */,
				922AB6D01DAF43FB0051DF7D /* NewsUrlDetailViewController.m in Sources */,
				922927ED1D7FB465007E38A9 /* AppDelegate.m in Sources */,
				922E4D201DADDC6100D6E718 /* WeatherObject.m in Sources */,
				922E4D2C1DADE09300D6E718 /* PAndM.m in Sources */,
				92EF62661DABE21C00FDE5DE /* NewsViewController.m in Sources */,
				92ED1FC21D943B0E00290D11 /* ShareView.m in Sources */,
				923AEE2C1D98F688006CC483 /* JuHeService.m in Sources */,
				92EF62701DABE28F00FDE5DE /* NoteViewController.m in Sources */,
				923DB9951D8693A40093EC7F /* LSPShop.m in Sources */,
				925F5DB51D85386E00C0B699 /* QQViewController.m in Sources */,
				923AEE281D98F662006CC483 /* JuHeViewController.m in Sources */,
				92660D801DB121010023D1E2 /* NoteObject.m in Sources */,
				922AB6D51DAF96780051DF7D /* WeatherDateView.m in Sources */,
				923DB9911D868A770093EC7F /* SqliteViewController.m in Sources */,
				922E4D291DADDF1900D6E718 /* weatherFuture.m in Sources */,
				92EF62611DABE20200FDE5DE /* JokeViewController.m in Sources */,
				92ED1FBF1D943AA400290D11 /* ShareContent.m in Sources */,
				92EF626B1DABE26100FDE5DE /* WeatherViewController.m in Sources */,
				922AB6C11DAF1D820051DF7D /* NewsTableViewCell.m in Sources */,
				924055CA1D91920500D77220 /* SQLManager.m in Sources */,
				922E4D331DAE6A6A00D6E718 /* NewObject.m in Sources */,
				92F38CAD1DAD4D2700C44549 /* UIScrollView+MJRefresh.m in Sources */,
				922E4D231DADDEE600D6E718 /* realTime.m in Sources */,
				922927EA1D7FB465007E38A9 /* main.m in Sources */,
				92485F681D7FE0B50010B545 /* twoViewController.m in Sources */,
				923AEE301D98F731006CC483 /* JuHeTableViewCell.m in Sources */,
				922E4D261DADDEFE00D6E718 /* Life.m in Sources */,
			);
			runOnlyForDeploymentPostprocessing = 0;
		};
		922927FA1D7FB465007E38A9 /* Sources */ = {
			isa = PBXSourcesBuildPhase;
			buildActionMask = 2147483647;
			files = (
				922928031D7FB465007E38A9 /* MyExperienceTests.m in Sources */,
			);
			runOnlyForDeploymentPostprocessing = 0;
		};
		922928051D7FB465007E38A9 /* Sources */ = {
			isa = PBXSourcesBuildPhase;
			buildActionMask = 2147483647;
			files = (
				9229280E1D7FB465007E38A9 /* MyExperienceUITests.m in Sources */,
			);
			runOnlyForDeploymentPostprocessing = 0;
		};
/* End PBXSourcesBuildPhase section */

/* Begin PBXTargetDependency section */
		922928001D7FB465007E38A9 /* PBXTargetDependency */ = {
			isa = PBXTargetDependency;
			target = 922927E41D7FB465007E38A9 /* MyExperience */;
			targetProxy = 922927FF1D7FB465007E38A9 /* PBXContainerItemProxy */;
		};
		9229280B1D7FB465007E38A9 /* PBXTargetDependency */ = {
			isa = PBXTargetDependency;
			target = 922927E41D7FB465007E38A9 /* MyExperience */;
			targetProxy = 9229280A1D7FB465007E38A9 /* PBXContainerItemProxy */;
		};
/* End PBXTargetDependency section */

/* Begin PBXVariantGroup section */
		922927F11D7FB465007E38A9 /* Main.storyboard */ = {
			isa = PBXVariantGroup;
			children = (
				922927F21D7FB465007E38A9 /* Base */,
			);
			name = Main.storyboard;
			sourceTree = "<group>";
		};
		922927F61D7FB465007E38A9 /* LaunchScreen.storyboard */ = {
			isa = PBXVariantGroup;
			children = (
				922927F71D7FB465007E38A9 /* Base */,
			);
			name = LaunchScreen.storyboard;
			sourceTree = "<group>";
		};
/* End PBXVariantGroup section */

/* Begin XCBuildConfiguration section */
		922928101D7FB465007E38A9 /* Debug */ = {
			isa = XCBuildConfiguration;
			buildSettings = {
				ALWAYS_SEARCH_USER_PATHS = NO;
				CLANG_ANALYZER_NONNULL = YES;
				CLANG_CXX_LANGUAGE_STANDARD = "gnu++0x";
				CLANG_CXX_LIBRARY = "libc++";
				CLANG_ENABLE_MODULES = YES;
				CLANG_ENABLE_OBJC_ARC = YES;
				CLANG_WARN_BOOL_CONVERSION = YES;
				CLANG_WARN_CONSTANT_CONVERSION = YES;
				CLANG_WARN_DIRECT_OBJC_ISA_USAGE = YES_ERROR;
				CLANG_WARN_EMPTY_BODY = YES;
				CLANG_WARN_ENUM_CONVERSION = YES;
				CLANG_WARN_INT_CONVERSION = YES;
				CLANG_WARN_OBJC_ROOT_CLASS = YES_ERROR;
				CLANG_WARN_UNREACHABLE_CODE = YES;
				CLANG_WARN__DUPLICATE_METHOD_MATCH = YES;
				CODE_SIGN_IDENTITY = "iPhone Developer: 1083394272@qq.com (VT3293R4K3)";
				"CODE_SIGN_IDENTITY[sdk=iphoneos*]" = "iPhone Developer: 1083394272@qq.com (VT3293R4K3)";
				COPY_PHASE_STRIP = NO;
				DEBUG_INFORMATION_FORMAT = dwarf;
				ENABLE_STRICT_OBJC_MSGSEND = YES;
				ENABLE_TESTABILITY = YES;
				GCC_C_LANGUAGE_STANDARD = gnu99;
				GCC_DYNAMIC_NO_PIC = NO;
				GCC_NO_COMMON_BLOCKS = YES;
				GCC_OPTIMIZATION_LEVEL = 0;
				GCC_PREPROCESSOR_DEFINITIONS = (
					"DEBUG=1",
					"$(inherited)",
				);
				GCC_WARN_64_TO_32_BIT_CONVERSION = YES;
				GCC_WARN_ABOUT_RETURN_TYPE = YES_ERROR;
				GCC_WARN_UNDECLARED_SELECTOR = YES;
				GCC_WARN_UNINITIALIZED_AUTOS = YES_AGGRESSIVE;
				GCC_WARN_UNUSED_FUNCTION = YES;
				GCC_WARN_UNUSED_VARIABLE = YES;
				IPHONEOS_DEPLOYMENT_TARGET = 9.3;
				MTL_ENABLE_DEBUG_INFO = YES;
				ONLY_ACTIVE_ARCH = YES;
				PROVISIONING_PROFILE = "81244ec7-49e5-4928-8264-134a563951ba";
				SDKROOT = iphoneos;
				TARGETED_DEVICE_FAMILY = "1,2";
			};
			name = Debug;
		};
		922928111D7FB465007E38A9 /* Release */ = {
			isa = XCBuildConfiguration;
			buildSettings = {
				ALWAYS_SEARCH_USER_PATHS = NO;
				CLANG_ANALYZER_NONNULL = YES;
				CLANG_CXX_LANGUAGE_STANDARD = "gnu++0x";
				CLANG_CXX_LIBRARY = "libc++";
				CLANG_ENABLE_MODULES = YES;
				CLANG_ENABLE_OBJC_ARC = YES;
				CLANG_WARN_BOOL_CONVERSION = YES;
				CLANG_WARN_CONSTANT_CONVERSION = YES;
				CLANG_WARN_DIRECT_OBJC_ISA_USAGE = YES_ERROR;
				CLANG_WARN_EMPTY_BODY = YES;
				CLANG_WARN_ENUM_CONVERSION = YES;
				CLANG_WARN_INT_CONVERSION = YES;
				CLANG_WARN_OBJC_ROOT_CLASS = YES_ERROR;
				CLANG_WARN_UNREACHABLE_CODE = YES;
				CLANG_WARN__DUPLICATE_METHOD_MATCH = YES;
				CODE_SIGN_IDENTITY = "iPhone Developer: 1083394272@qq.com (VT3293R4K3)";
				"CODE_SIGN_IDENTITY[sdk=iphoneos*]" = "iPhone Developer: 1083394272@qq.com (VT3293R4K3)";
				COPY_PHASE_STRIP = NO;
				DEBUG_INFORMATION_FORMAT = "dwarf-with-dsym";
				ENABLE_NS_ASSERTIONS = NO;
				ENABLE_STRICT_OBJC_MSGSEND = YES;
				GCC_C_LANGUAGE_STANDARD = gnu99;
				GCC_NO_COMMON_BLOCKS = YES;
				GCC_WARN_64_TO_32_BIT_CONVERSION = YES;
				GCC_WARN_ABOUT_RETURN_TYPE = YES_ERROR;
				GCC_WARN_UNDECLARED_SELECTOR = YES;
				GCC_WARN_UNINITIALIZED_AUTOS = YES_AGGRESSIVE;
				GCC_WARN_UNUSED_FUNCTION = YES;
				GCC_WARN_UNUSED_VARIABLE = YES;
				IPHONEOS_DEPLOYMENT_TARGET = 9.3;
				MTL_ENABLE_DEBUG_INFO = NO;
				PROVISIONING_PROFILE = "81244ec7-49e5-4928-8264-134a563951ba";
				SDKROOT = iphoneos;
				TARGETED_DEVICE_FAMILY = "1,2";
				VALIDATE_PRODUCT = YES;
			};
			name = Release;
		};
		922928131D7FB465007E38A9 /* Debug */ = {
			isa = XCBuildConfiguration;
			baseConfigurationReference = 694A7693437C673C5134AB39 /* Pods-MyExperience.debug.xcconfig */;
			buildSettings = {
				ASSETCATALOG_COMPILER_APPICON_NAME = AppIcon;
				ASSETCATALOG_COMPILER_LAUNCHIMAGE_NAME = LaunchImage;
				CODE_SIGN_IDENTITY = "iPhone Developer";
				"CODE_SIGN_IDENTITY[sdk=iphoneos*]" = "iPhone Developer";
				INFOPLIST_FILE = MyExperience/Info.plist;
				LD_RUNPATH_SEARCH_PATHS = "$(inherited) @executable_path/Frameworks";
				PRODUCT_BUNDLE_IDENTIFIER = xiaoyangyang.MyExperience;
				PRODUCT_NAME = "$(TARGET_NAME)";
				PROVISIONING_PROFILE = "";
			};
			name = Debug;
		};
		922928141D7FB465007E38A9 /* Release */ = {
			isa = XCBuildConfiguration;
			baseConfigurationReference = 14BEA95645461DA10B7C3742 /* Pods-MyExperience.release.xcconfig */;
			buildSettings = {
				ASSETCATALOG_COMPILER_APPICON_NAME = AppIcon;
				ASSETCATALOG_COMPILER_LAUNCHIMAGE_NAME = LaunchImage;
				CODE_SIGN_IDENTITY = "iPhone Developer";
				"CODE_SIGN_IDENTITY[sdk=iphoneos*]" = "iPhone Developer";
				INFOPLIST_FILE = MyExperience/Info.plist;
				LD_RUNPATH_SEARCH_PATHS = "$(inherited) @executable_path/Frameworks";
				PRODUCT_BUNDLE_IDENTIFIER = xiaoyangyang.MyExperience;
				PRODUCT_NAME = "$(TARGET_NAME)";
				PROVISIONING_PROFILE = "";
			};
			name = Release;
		};
		922928161D7FB465007E38A9 /* Debug */ = {
			isa = XCBuildConfiguration;
			buildSettings = {
				BUNDLE_LOADER = "$(TEST_HOST)";
				INFOPLIST_FILE = MyExperienceTests/Info.plist;
				LD_RUNPATH_SEARCH_PATHS = "$(inherited) @executable_path/Frameworks @loader_path/Frameworks";
				PRODUCT_BUNDLE_IDENTIFIER = xiaoyangyang.MyExperienceTests;
				PRODUCT_NAME = "$(TARGET_NAME)";
				TEST_HOST = "$(BUILT_PRODUCTS_DIR)/MyExperience.app/MyExperience";
			};
			name = Debug;
		};
		922928171D7FB465007E38A9 /* Release */ = {
			isa = XCBuildConfiguration;
			buildSettings = {
				BUNDLE_LOADER = "$(TEST_HOST)";
				INFOPLIST_FILE = MyExperienceTests/Info.plist;
				LD_RUNPATH_SEARCH_PATHS = "$(inherited) @executable_path/Frameworks @loader_path/Frameworks";
				PRODUCT_BUNDLE_IDENTIFIER = xiaoyangyang.MyExperienceTests;
				PRODUCT_NAME = "$(TARGET_NAME)";
				TEST_HOST = "$(BUILT_PRODUCTS_DIR)/MyExperience.app/MyExperience";
			};
			name = Release;
		};
		922928191D7FB465007E38A9 /* Debug */ = {
			isa = XCBuildConfiguration;
			buildSettings = {
				INFOPLIST_FILE = MyExperienceUITests/Info.plist;
				LD_RUNPATH_SEARCH_PATHS = "$(inherited) @executable_path/Frameworks @loader_path/Frameworks";
				PRODUCT_BUNDLE_IDENTIFIER = xiaoyangyang.MyExperienceUITests;
				PRODUCT_NAME = "$(TARGET_NAME)";
				TEST_TARGET_NAME = MyExperience;
			};
			name = Debug;
		};
		9229281A1D7FB465007E38A9 /* Release */ = {
			isa = XCBuildConfiguration;
			buildSettings = {
				INFOPLIST_FILE = MyExperienceUITests/Info.plist;
				LD_RUNPATH_SEARCH_PATHS = "$(inherited) @executable_path/Frameworks @loader_path/Frameworks";
				PRODUCT_BUNDLE_IDENTIFIER = xiaoyangyang.MyExperienceUITests;
				PRODUCT_NAME = "$(TARGET_NAME)";
				TEST_TARGET_NAME = MyExperience;
			};
			name = Release;
		};
/* End XCBuildConfiguration section */

/* Begin XCConfigurationList section */
		922927E01D7FB465007E38A9 /* Build configuration list for PBXProject "MyExperience" */ = {
			isa = XCConfigurationList;
			buildConfigurations = (
				922928101D7FB465007E38A9 /* Debug */,
				922928111D7FB465007E38A9 /* Release */,
			);
			defaultConfigurationIsVisible = 0;
			defaultConfigurationName = Release;
		};
		922928121D7FB465007E38A9 /* Build configuration list for PBXNativeTarget "MyExperience" */ = {
			isa = XCConfigurationList;
			buildConfigurations = (
				922928131D7FB465007E38A9 /* Debug */,
				922928141D7FB465007E38A9 /* Release */,
			);
			defaultConfigurationIsVisible = 0;
			defaultConfigurationName = Release;
		};
		922928151D7FB465007E38A9 /* Build configuration list for PBXNativeTarget "MyExperienceTests" */ = {
			isa = XCConfigurationList;
			buildConfigurations = (
				922928161D7FB465007E38A9 /* Debug */,
				922928171D7FB465007E38A9 /* Release */,
			);
			defaultConfigurationIsVisible = 0;
			defaultConfigurationName = Release;
		};
		922928181D7FB465007E38A9 /* Build configuration list for PBXNativeTarget "MyExperienceUITests" */ = {
			isa = XCConfigurationList;
			buildConfigurations = (
				922928191D7FB465007E38A9 /* Debug */,
				9229281A1D7FB465007E38A9 /* Release */,
			);
			defaultConfigurationIsVisible = 0;
			defaultConfigurationName = Release;
		};
/* End XCConfigurationList section */
	};
	rootObject = 922927DD1D7FB465007E38A9 /* Project object */;
}
